PODS:
  - MLLayout (0.2.3)
  - SDWebImage (3.8.1):
    - SDWebImage/Core (= 3.8.1)
  - SDWebImage/Core (3.8.1)

DEPENDENCIES:
  - MLLayout (from `../MLLayout.podspec`)
  - SDWebImage

EXTERNAL SOURCES:
  MLLayout:
    :path: ../MLLayout.podspec

SPEC CHECKSUMS:
  MLLayout: 8d3c55525776dc2b1718d17f085cc38395f6ab2d
  SDWebImage: 35f9627a3e44b4f292a8a8ce6a531fa488239b91

PODFILE CHECKSUM: 8865c6aa8dd9b55ece9645cfde9f065dee1415d4

COCOAPODS: 1.0.1
