PODS:
  - MLLayout (0.2.2)
  - SDWebImage (3.8.1):
    - SDWebImage/Core (= 3.8.1)
  - SDWebImage/Core (3.8.1)

DEPENDENCIES:
  - MLLayout (from `../MLLayout.podspec`)
  - SDWebImage

EXTERNAL SOURCES:
  MLLayout:
    :path: ../MLLayout.podspec

SPEC CHECKSUMS:
  MLLayout: c260fbc7e77f9ac31ac225b63a4ca0db5c0a62d9
  SDWebImage: 35f9627a3e44b4f292a8a8ce6a531fa488239b91

PODFILE CHECKSUM: 50a97fa6b7a7509873f351bc285fc0a3d99a9826

COCOAPODS: 1.0.1
